
Microsoft Visual Studio Solution File, Format Version 12.00
# Visual Studio Version 17
VisualStudioVersion = 17.6.33829.357
MinimumVisualStudioVersion = 10.0.40219.1
Project("{FAE04EC0-301F-11D3-BF4B-00C04F79EFBC}") = "AVTO_FINALLY_I_DID_THIS", "AVTO_FINALLY_I_DID_THIS\AVTO_FINALLY_I_DID_THIS.csproj", "{4D31F5BF-4393-4639-AE3E-D0E25D371003}"
EndProject
Global
	GlobalSection(SolutionConfigurationPlatforms) = preSolution
		Debug|Any CPU = Debug|Any CPU
		Release|Any CPU = Release|Any CPU
	EndGlobalSection
	GlobalSection(ProjectConfigurationPlatforms) = postSolution
		{4D31F5BF-4393-4639-AE3E-D0E25D371003}.Debug|Any CPU.ActiveCfg = Debug|Any CPU
		{4D31F5BF-4393-4639-AE3E-D0E25D371003}.Debug|Any CPU.Build.0 = Debug|Any CPU
		{4D31F5BF-4393-4639-AE3E-D0E25D371003}.Release|Any CPU.ActiveCfg = Release|Any CPU
		{4D31F5BF-4393-4639-AE3E-D0E25D371003}.Release|Any CPU.Build.0 = Release|Any CPU
	EndGlobalSection
	GlobalSection(SolutionProperties) = preSolution
		HideSolutionNode = FALSE
	EndGlobalSection
	GlobalSection(ExtensibilityGlobals) = postSolution
		SolutionGuid = {8AD46466-3B5E-445E-8FF1-391DD64F0F11}
	EndGlobalSection
EndGlobal
